
Microsoft Visual Studio Solution File, Format Version 12.00
# Visual Studio Version 17
VisualStudioVersion = 17.9.34902.65
MinimumVisualStudioVersion = 10.0.40219.1
Project("{FAE04EC0-301F-11D3-BF4B-00C04F79EFBC}") = "Sapiens.Shared", "Sapiens.Shared\Sapiens.Shared.csproj", "{B287A175-6AF3-40F5-8B06-8443E95EBD38}"
EndProject
Project("{FAE04EC0-301F-11D3-BF4B-00C04F79EFBC}") = "Sapiens.Console", "Sapiens.Console\Sapiens.Console.csproj", "{32198BFA-BF5A-4D80-8787-3AA1DFC55FB4}"
EndProject
Global
	GlobalSection(SolutionConfigurationPlatforms) = preSolution
		Debug|Any CPU = Debug|Any CPU
		Release|Any CPU = Release|Any CPU
	EndGlobalSection
	GlobalSection(ProjectConfigurationPlatforms) = postSolution
		{B287A175-6AF3-40F5-8B06-8443E95EBD38}.Debug|Any CPU.ActiveCfg = Debug|Any CPU
		{B287A175-6AF3-40F5-8B06-8443E95EBD38}.Debug|Any CPU.Build.0 = Debug|Any CPU
		{B287A175-6AF3-40F5-8B06-8443E95EBD38}.Release|Any CPU.ActiveCfg = Release|Any CPU
		{B287A175-6AF3-40F5-8B06-8443E95EBD38}.Release|Any CPU.Build.0 = Release|Any CPU
		{32198BFA-BF5A-4D80-8787-3AA1DFC55FB4}.Debug|Any CPU.ActiveCfg = Debug|Any CPU
		{32198BFA-BF5A-4D80-8787-3AA1DFC55FB4}.Debug|Any CPU.Build.0 = Debug|Any CPU
		{32198BFA-BF5A-4D80-8787-3AA1DFC55FB4}.Release|Any CPU.ActiveCfg = Release|Any CPU
		{32198BFA-BF5A-4D80-8787-3AA1DFC55FB4}.Release|Any CPU.Build.0 = Release|Any CPU
	EndGlobalSection
	GlobalSection(SolutionProperties) = preSolution
		HideSolutionNode = FALSE
	EndGlobalSection
	GlobalSection(ExtensibilityGlobals) = postSolution
		SolutionGuid = {CBD6BF19-088E-4BFE-BADC-E9A3FD6B548F}
	EndGlobalSection
EndGlobal
